
Microsoft Visual Studio Solution File, Format Version 12.00
# Visual Studio 2012
Project("{FAE04EC0-301F-11D3-BF4B-00C04F79EFBC}") = "ExampleControls", "ExampleControls\ExampleControls.csproj", "{C22E99E7-01D8-4B21-BA4D-0E89499235C2}"
EndProject
Global
	GlobalSection(SolutionConfigurationPlatforms) = preSolution
		Debug|iPhoneSimulator = Debug|iPhoneSimulator
		Release|iPhone = Release|iPhone
		Release|iPhoneSimulator = Release|iPhoneSimulator
		Debug|iPhone = Debug|iPhone
	EndGlobalSection
	GlobalSection(ProjectConfigurationPlatforms) = postSolution
		{C22E99E7-01D8-4B21-BA4D-0E89499235C2}.Debug|iPhoneSimulator.ActiveCfg = Debug|iPhoneSimulator
		{C22E99E7-01D8-4B21-BA4D-0E89499235C2}.Debug|iPhoneSimulator.Build.0 = Debug|iPhoneSimulator
		{C22E99E7-01D8-4B21-BA4D-0E89499235C2}.Release|iPhone.ActiveCfg = Release|iPhone
		{C22E99E7-01D8-4B21-BA4D-0E89499235C2}.Release|iPhone.Build.0 = Release|iPhone
		{C22E99E7-01D8-4B21-BA4D-0E89499235C2}.Release|iPhoneSimulator.ActiveCfg = Release|iPhoneSimulator
		{C22E99E7-01D8-4B21-BA4D-0E89499235C2}.Release|iPhoneSimulator.Build.0 = Release|iPhoneSimulator
		{C22E99E7-01D8-4B21-BA4D-0E89499235C2}.Debug|iPhone.ActiveCfg = Debug|iPhone
		{C22E99E7-01D8-4B21-BA4D-0E89499235C2}.Debug|iPhone.Build.0 = Debug|iPhone
	EndGlobalSection
EndGlobal
